
Microsoft Visual Studio Solution File, Format Version 12.00
# Visual Studio Version 17
VisualStudioVersion = 17.5.33424.131
MinimumVisualStudioVersion = 10.0.40219.1
Project("{9A19103F-16F7-4668-BE54-9A1E7A4F7556}") = "Category.API", "Category.API\Category.API.csproj", "{6445F365-44B2-4A67-B04C-36038CCD5067}"
EndProject
Project("{9A19103F-16F7-4668-BE54-9A1E7A4F7556}") = "Bill.API", "Bill.API\Bill.API.csproj", "{AE747DB1-413A-4302-B97D-4E50190F0CB4}"
EndProject
Project("{9A19103F-16F7-4668-BE54-9A1E7A4F7556}") = "Tag.API", "Tag.API\Tag.API.csproj", "{AAE225D7-AA00-442F-99EC-4C19F17058C8}"
EndProject
Project("{9A19103F-16F7-4668-BE54-9A1E7A4F7556}") = "Utils", "Utils\Utils.csproj", "{91FA981D-DB61-4176-955E-85DB5BC738DB}"
EndProject
Project("{9A19103F-16F7-4668-BE54-9A1E7A4F7556}") = "APIGateways", "APIGateways\APIGateways.csproj", "{D6149F3C-5D0A-480E-A2ED-1A492525A1C7}"
EndProject
Project("{E53339B2-1760-4266-BCC7-CA923CBCF16C}") = "docker-compose", "docker-compose.dcproj", "{5AD7CB27-C367-4786-ABED-6A2630ABF101}"
EndProject
Global
	GlobalSection(SolutionConfigurationPlatforms) = preSolution
		Debug|Any CPU = Debug|Any CPU
		Release|Any CPU = Release|Any CPU
	EndGlobalSection
	GlobalSection(ProjectConfigurationPlatforms) = postSolution
		{6445F365-44B2-4A67-B04C-36038CCD5067}.Debug|Any CPU.ActiveCfg = Debug|Any CPU
		{6445F365-44B2-4A67-B04C-36038CCD5067}.Debug|Any CPU.Build.0 = Debug|Any CPU
		{6445F365-44B2-4A67-B04C-36038CCD5067}.Release|Any CPU.ActiveCfg = Release|Any CPU
		{6445F365-44B2-4A67-B04C-36038CCD5067}.Release|Any CPU.Build.0 = Release|Any CPU
		{AE747DB1-413A-4302-B97D-4E50190F0CB4}.Debug|Any CPU.ActiveCfg = Debug|Any CPU
		{AE747DB1-413A-4302-B97D-4E50190F0CB4}.Debug|Any CPU.Build.0 = Debug|Any CPU
		{AE747DB1-413A-4302-B97D-4E50190F0CB4}.Release|Any CPU.ActiveCfg = Release|Any CPU
		{AE747DB1-413A-4302-B97D-4E50190F0CB4}.Release|Any CPU.Build.0 = Release|Any CPU
		{AAE225D7-AA00-442F-99EC-4C19F17058C8}.Debug|Any CPU.ActiveCfg = Debug|Any CPU
		{AAE225D7-AA00-442F-99EC-4C19F17058C8}.Debug|Any CPU.Build.0 = Debug|Any CPU
		{AAE225D7-AA00-442F-99EC-4C19F17058C8}.Release|Any CPU.ActiveCfg = Release|Any CPU
		{AAE225D7-AA00-442F-99EC-4C19F17058C8}.Release|Any CPU.Build.0 = Release|Any CPU
		{91FA981D-DB61-4176-955E-85DB5BC738DB}.Debug|Any CPU.ActiveCfg = Debug|Any CPU
		{91FA981D-DB61-4176-955E-85DB5BC738DB}.Debug|Any CPU.Build.0 = Debug|Any CPU
		{91FA981D-DB61-4176-955E-85DB5BC738DB}.Release|Any CPU.ActiveCfg = Release|Any CPU
		{91FA981D-DB61-4176-955E-85DB5BC738DB}.Release|Any CPU.Build.0 = Release|Any CPU
		{D6149F3C-5D0A-480E-A2ED-1A492525A1C7}.Debug|Any CPU.ActiveCfg = Debug|Any CPU
		{D6149F3C-5D0A-480E-A2ED-1A492525A1C7}.Debug|Any CPU.Build.0 = Debug|Any CPU
		{D6149F3C-5D0A-480E-A2ED-1A492525A1C7}.Release|Any CPU.ActiveCfg = Release|Any CPU
		{D6149F3C-5D0A-480E-A2ED-1A492525A1C7}.Release|Any CPU.Build.0 = Release|Any CPU
		{5AD7CB27-C367-4786-ABED-6A2630ABF101}.Debug|Any CPU.ActiveCfg = Debug|Any CPU
		{5AD7CB27-C367-4786-ABED-6A2630ABF101}.Debug|Any CPU.Build.0 = Debug|Any CPU
		{5AD7CB27-C367-4786-ABED-6A2630ABF101}.Release|Any CPU.ActiveCfg = Release|Any CPU
		{5AD7CB27-C367-4786-ABED-6A2630ABF101}.Release|Any CPU.Build.0 = Release|Any CPU
	EndGlobalSection
	GlobalSection(SolutionProperties) = preSolution
		HideSolutionNode = FALSE
	EndGlobalSection
	GlobalSection(ExtensibilityGlobals) = postSolution
		SolutionGuid = {1EDA9B87-5608-4ED8-AFA6-559A014B2EC4}
	EndGlobalSection
EndGlobal
